
Microsoft Visual Studio Solution File, Format Version 12.00
# Visual Studio Version 16
VisualStudioVersion = 16.0.31911.196
MinimumVisualStudioVersion = 10.0.40219.1
Project("{9A19103F-16F7-4668-BE54-9A1E7A4F7556}") = "LEARNING_RESOURCES", "LEARNING_RESOURCES\LEARNING_RESOURCES.csproj", "{98E0DF71-EE3B-41EE-97E3-A950209CAFA3}"
EndProject
Project("{9A19103F-16F7-4668-BE54-9A1E7A4F7556}") = "Resources", "Resources\Resources.csproj", "{B57797E0-6912-4294-B34D-83D736708E2B}"
EndProject
Global
	GlobalSection(SolutionConfigurationPlatforms) = preSolution
		Debug|Any CPU = Debug|Any CPU
		Release|Any CPU = Release|Any CPU
	EndGlobalSection
	GlobalSection(ProjectConfigurationPlatforms) = postSolution
		{98E0DF71-EE3B-41EE-97E3-A950209CAFA3}.Debug|Any CPU.ActiveCfg = Debug|Any CPU
		{98E0DF71-EE3B-41EE-97E3-A950209CAFA3}.Debug|Any CPU.Build.0 = Debug|Any CPU
		{98E0DF71-EE3B-41EE-97E3-A950209CAFA3}.Release|Any CPU.ActiveCfg = Release|Any CPU
		{98E0DF71-EE3B-41EE-97E3-A950209CAFA3}.Release|Any CPU.Build.0 = Release|Any CPU
		{B57797E0-6912-4294-B34D-83D736708E2B}.Debug|Any CPU.ActiveCfg = Debug|Any CPU
		{B57797E0-6912-4294-B34D-83D736708E2B}.Debug|Any CPU.Build.0 = Debug|Any CPU
		{B57797E0-6912-4294-B34D-83D736708E2B}.Release|Any CPU.ActiveCfg = Release|Any CPU
		{B57797E0-6912-4294-B34D-83D736708E2B}.Release|Any CPU.Build.0 = Release|Any CPU
	EndGlobalSection
	GlobalSection(SolutionProperties) = preSolution
		HideSolutionNode = FALSE
	EndGlobalSection
	GlobalSection(ExtensibilityGlobals) = postSolution
		SolutionGuid = {92ACDE3B-AAAA-4A5A-90C9-C2A945F8E486}
	EndGlobalSection
EndGlobal
